PODS:
  - MapleBacon (6.1.0)
  - RxCocoa (5.1.1):
    - RxRelay (~> 5)
    - RxSwift (~> 5)
  - RxRelay (5.1.1):
    - RxSwift (~> 5)
  - RxSwift (5.1.1)

DEPENDENCIES:
  - MapleBacon (= 6.1.0)
  - RxCocoa (= 5.1.1)
  - RxSwift (= 5.1.1)

SPEC REPOS:
  trunk:
    - MapleBacon
    - RxCocoa
    - RxRelay
    - RxSwift

SPEC CHECKSUMS:
  MapleBacon: 695c9c2fd4df2147841e963570b9fb6941d03a36
  RxCocoa: 32065309a38d29b5b0db858819b5bf9ef038b601
  RxRelay: d77f7d771495f43c556cbc43eebd1bb54d01e8e9
  RxSwift: 81470a2074fa8780320ea5fe4102807cb7118178

PODFILE CHECKSUM: 794bfd7cb65fde7010c13db7f3e5daf68fc5d9ea

COCOAPODS: 1.9.3
